// !$*UTF8*$!
{
	archiveVersion = 1;
	classes = {
	};
	objectVersion = 56;
	objects = {

/* Begin PBXBuildFile section */
		AA50B16B29F56E870015774D /* iosApp.swift in Sources */ = {isa = PBXBuildFile; fileRef = AA50B16A29F56E870015774D /* iosApp.swift */; };
		AA50B16D29F56E870015774D /* ContentView.swift in Sources */ = {isa = PBXBuildFile; fileRef = AA50B16C29F56E870015774D /* ContentView.swift */; };
		AA50B16F29F56E880015774D /* Assets.xcassets in Resources */ = {isa = PBXBuildFile; fileRef = AA50B16E29F56E880015774D /* Assets.xcassets */; };
		AA50B17229F56E880015774D /* Preview Assets.xcassets in Resources */ = {isa = PBXBuildFile; fileRef = AA50B17129F56E880015774D /* Preview Assets.xcassets */; };
		AA50B17C29F56E880015774D /* iosTests.swift in Sources */ = {isa = PBXBuildFile; fileRef = AA50B17B29F56E880015774D /* iosTests.swift */; };
		AA50B18629F56E880015774D /* iosUITests.swift in Sources */ = {isa = PBXBuildFile; fileRef = AA50B18529F56E880015774D /* iosUITests.swift */; };
		AA50B18829F56E880015774D /* iosUITestsLaunchTests.swift in Sources */ = {isa = PBXBuildFile; fileRef = AA50B18729F56E880015774D /* iosUITestsLaunchTests.swift */; };
/* End PBXBuildFile section */

/* Begin PBXContainerItemProxy section */
		AA50B17829F56E880015774D /* PBXContainerItemProxy */ = {
			isa = PBXContainerItemProxy;
			containerPortal = AA50B15F29F56E870015774D /* Project object */;
			proxyType = 1;
			remoteGlobalIDString = AA50B16629F56E870015774D;
			remoteInfo = ios;
		};
		AA50B18229F56E880015774D /* PBXContainerItemProxy */ = {
			isa = PBXContainerItemProxy;
			containerPortal = AA50B15F29F56E870015774D /* Project object */;
			proxyType = 1;
			remoteGlobalIDString = AA50B16629F56E870015774D;
			remoteInfo = ios;
		};
/* End PBXContainerItemProxy section */

/* Begin PBXFileReference section */
		AA50B16729F56E870015774D /* ios.app */ = {isa = PBXFileReference; explicitFileType = wrapper.application; includeInIndex = 0; path = ios.app; sourceTree = BUILT_PRODUCTS_DIR; };
		AA50B16A29F56E870015774D /* iosApp.swift */ = {isa = PBXFileReference; lastKnownFileType = sourcecode.swift; path = iosApp.swift; sourceTree = "<group>"; };
		AA50B16C29F56E870015774D /* ContentView.swift */ = {isa = PBXFileReference; lastKnownFileType = sourcecode.swift; path = ContentView.swift; sourceTree = "<group>"; };
		AA50B16E29F56E880015774D /* Assets.xcassets */ = {isa = PBXFileReference; lastKnownFileType = folder.assetcatalog; path = Assets.xcassets; sourceTree = "<group>"; };
		AA50B17129F56E880015774D /* Preview Assets.xcassets */ = {isa = PBXFileReference; lastKnownFileType = folder.assetcatalog; path = "Preview Assets.xcassets"; sourceTree = "<group>"; };
		AA50B17729F56E880015774D /* iosTests.xctest */ = {isa = PBXFileReference; explicitFileType = wrapper.cfbundle; includeInIndex = 0; path = iosTests.xctest; sourceTree = BUILT_PRODUCTS_DIR; };
		AA50B17B29F56E880015774D /* iosTests.swift */ = {isa = PBXFileReference; lastKnownFileType = sourcecode.swift; path = iosTests.swift; sourceTree = "<group>"; };
		AA50B18129F56E880015774D /* iosUITests.xctest */ = {isa = PBXFileReference; explicitFileType = wrapper.cfbundle; includeInIndex = 0; path = iosUITests.xctest; sourceTree = BUILT_PRODUCTS_DIR; };
		AA50B18529F56E880015774D /* iosUITests.swift */ = {isa = PBXFileReference; lastKnownFileType = sourcecode.swift; path = iosUITests.swift; sourceTree = "<group>"; };
		AA50B18729F56E880015774D /* iosUITestsLaunchTests.swift */ = {isa = PBXFileReference; lastKnownFileType = sourcecode.swift; path = iosUITestsLaunchTests.swift; sourceTree = "<group>"; };
/* End PBXFileReference section */

/* Begin PBXFrameworksBuildPhase section */
		AA50B16429F56E870015774D /* Frameworks */ = {
			isa = PBXFrameworksBuildPhase;
			buildActionMask = 2147483647;
			files = (
			);
			runOnlyForDeploymentPostprocessing = 0;
		};
		AA50B17429F56E880015774D /* Frameworks */ = {
			isa = PBXFrameworksBuildPhase;
			buildActionMask = 2147483647;
			files = (
			);
			runOnlyForDeploymentPostprocessing = 0;
		};
		AA50B17E29F56E880015774D /* Frameworks */ = {
			isa = PBXFrameworksBuildPhase;
			buildActionMask = 2147483647;
			files = (
			);
			runOnlyForDeploymentPostprocessing = 0;
		};
/* End PBXFrameworksBuildPhase section */

/* Begin PBXGroup section */
		AA50B15E29F56E870015774D = {
			isa = PBXGroup;
			children = (
				AA50B16929F56E870015774D /* ios */,
				AA50B17A29F56E880015774D /* iosTests */,
				AA50B18429F56E880015774D /* iosUITests */,
				AA50B16829F56E870015774D /* Products */,
			);
			sourceTree = "<group>";
		};
		AA50B16829F56E870015774D /* Products */ = {
			isa = PBXGroup;
			children = (
				AA50B16729F56E870015774D /* ios.app */,
				AA50B17729F56E880015774D /* iosTests.xctest */,
				AA50B18129F56E880015774D /* iosUITests.xctest */,
			);
			name = Products;
			sourceTree = "<group>";
		};
		AA50B16929F56E870015774D /* ios */ = {
			isa = PBXGroup;
			children = (
				AA50B16A29F56E870015774D /* iosApp.swift */,
				AA50B16C29F56E870015774D /* ContentView.swift */,
				AA50B16E29F56E880015774D /* Assets.xcassets */,
				AA50B17029F56E880015774D /* Preview Content */,
			);
			path = ios;
			sourceTree = "<group>";
		};
		AA50B17029F56E880015774D /* Preview Content */ = {
			isa = PBXGroup;
			children = (
				AA50B17129F56E880015774D /* Preview Assets.xcassets */,
			);
			path = "Preview Content";
			sourceTree = "<group>";
		};
		AA50B17A29F56E880015774D /* iosTests */ = {
			isa = PBXGroup;
			children = (
				AA50B17B29F56E880015774D /* iosTests.swift */,
			);
			path = iosTests;
			sourceTree = "<group>";
		};
		AA50B18429F56E880015774D /* iosUITests */ = {
			isa = PBXGroup;
			children = (
				AA50B18529F56E880015774D /* iosUITests.swift */,
				AA50B18729F56E880015774D /* iosUITestsLaunchTests.swift */,
			);
			path = iosUITests;
			sourceTree = "<group>";
		};
/* End PBXGroup section */

/* Begin PBXNativeTarget section */
		AA50B16629F56E870015774D /* ios */ = {
			isa = PBXNativeTarget;
			buildConfigurationList = AA50B18B29F56E880015774D /* Build configuration list for PBXNativeTarget "ios" */;
			buildPhases = (
				AA50B16329F56E870015774D /* Sources */,
				AA50B16429F56E870015774D /* Frameworks */,
				AA50B16529F56E870015774D /* Resources */,
			);
			buildRules = (
			);
			dependencies = (
			);
			name = ios;
			productName = ios;
			productReference = AA50B16729F56E870015774D /* ios.app */;
			productType = "com.apple.product-type.application";
		};
		AA50B17629F56E880015774D /* iosTests */ = {
			isa = PBXNativeTarget;
			buildConfigurationList = AA50B18E29F56E880015774D /* Build configuration list for PBXNativeTarget "iosTests" */;
			buildPhases = (
				AA50B17329F56E880015774D /* Sources */,
				AA50B17429F56E880015774D /* Frameworks */,
				AA50B17529F56E880015774D /* Resources */,
			);
			buildRules = (
			);
			dependencies = (
				AA50B17929F56E880015774D /* PBXTargetDependency */,
			);
			name = iosTests;
			productName = iosTests;
			productReference = AA50B17729F56E880015774D /* iosTests.xctest */;
			productType = "com.apple.product-type.bundle.unit-test";
		};
		AA50B18029F56E880015774D /* iosUITests */ = {
			isa = PBXNativeTarget;
			buildConfigurationList = AA50B19129F56E880015774D /* Build configuration list for PBXNativeTarget "iosUITests" */;
			buildPhases = (
				AA50B17D29F56E880015774D /* Sources */,
				AA50B17E29F56E880015774D /* Frameworks */,
				AA50B17F29F56E880015774D /* Resources */,
			);
			buildRules = (
			);
			dependencies = (
				AA50B18329F56E880015774D /* PBXTargetDependency */,
			);
			name = iosUITests;
			productName = iosUITests;
			productReference = AA50B18129F56E880015774D /* iosUITests.xctest */;
			productType = "com.apple.product-type.bundle.ui-testing";
		};
/* End PBXNativeTarget section */

/* Begin PBXProject section */
		AA50B15F29F56E870015774D /* Project object */ = {
			isa = PBXProject;
			attributes = {
				BuildIndependentTargetsInParallel = 1;
				LastSwiftUpdateCheck = 1430;
				LastUpgradeCheck = 1430;
				TargetAttributes = {
					AA50B16629F56E870015774D = {
						CreatedOnToolsVersion = 14.3;
					};
					AA50B17629F56E880015774D = {
						CreatedOnToolsVersion = 14.3;
						TestTargetID = AA50B16629F56E870015774D;
					};
					AA50B18029F56E880015774D = {
						CreatedOnToolsVersion = 14.3;
						TestTargetID = AA50B16629F56E870015774D;
					};
				};
			};
			buildConfigurationList = AA50B16229F56E870015774D /* Build configuration list for PBXProject "ios" */;
			compatibilityVersion = "Xcode 14.0";
			developmentRegion = en;
			hasScannedForEncodings = 0;
			knownRegions = (
				en,
				Base,
			);
			mainGroup = AA50B15E29F56E870015774D;
			productRefGroup = AA50B16829F56E870015774D /* Products */;
			projectDirPath = "";
			projectRoot = "";
			targets = (
				AA50B16629F56E870015774D /* ios */,
				AA50B17629F56E880015774D /* iosTests */,
				AA50B18029F56E880015774D /* iosUITests */,
			);
		};
/* End PBXProject section */

/* Begin PBXResourcesBuildPhase section */
		AA50B16529F56E870015774D /* Resources */ = {
			isa = PBXResourcesBuildPhase;
			buildActionMask = 2147483647;
			files = (
				AA50B17229F56E880015774D /* Preview Assets.xcassets in Resources */,
				AA50B16F29F56E880015774D /* Assets.xcassets in Resources */,
			);
			runOnlyForDeploymentPostprocessing = 0;
		};
		AA50B17529F56E880015774D /* Resources */ = {
			isa = PBXResourcesBuildPhase;
			buildActionMask = 2147483647;
			files = (
			);
			runOnlyForDeploymentPostprocessing = 0;
		};
		AA50B17F29F56E880015774D /* Resources */ = {
			isa = PBXResourcesBuildPhase;
			buildActionMask = 2147483647;
			files = (
			);
			runOnlyForDeploymentPostprocessing = 0;
		};
/* End PBXResourcesBuildPhase section */

/* Begin PBXSourcesBuildPhase section */
		AA50B16329F56E870015774D /* Sources */ = {
			isa = PBXSourcesBuildPhase;
			buildActionMask = 2147483647;
			files = (
				AA50B16D29F56E870015774D /* ContentView.swift in Sources */,
				AA50B16B29F56E870015774D /* iosApp.swift in Sources */,
			);
			runOnlyForDeploymentPostprocessing = 0;
		};
		AA50B17329F56E880015774D /* Sources */ = {
			isa = PBXSourcesBuildPhase;
			buildActionMask = 2147483647;
			files = (
				AA50B17C29F56E880015774D /* iosTests.swift in Sources */,
			);
			runOnlyForDeploymentPostprocessing = 0;
		};
		AA50B17D29F56E880015774D /* Sources */ = {
			isa = PBXSourcesBuildPhase;
			buildActionMask = 2147483647;
			files = (
				AA50B18829F56E880015774D /* iosUITestsLaunchTests.swift in Sources */,
				AA50B18629F56E880015774D /* iosUITests.swift in Sources */,
			);
			runOnlyForDeploymentPostprocessing = 0;
		};
/* End PBXSourcesBuildPhase section */

/* Begin PBXTargetDependency section */
		AA50B17929F56E880015774D /* PBXTargetDependency */ = {
			isa = PBXTargetDependency;
			target = AA50B16629F56E870015774D /* ios */;
			targetProxy = AA50B17829F56E880015774D /* PBXContainerItemProxy */;
		};
		AA50B18329F56E880015774D /* PBXTargetDependency */ = {
			isa = PBXTargetDependency;
			target = AA50B16629F56E870015774D /* ios */;
			targetProxy = AA50B18229F56E880015774D /* PBXContainerItemProxy */;
		};
/* End PBXTargetDependency section */

/* Begin XCBuildConfiguration section */
		AA50B18929F56E880015774D /* Debug */ = {
			isa = XCBuildConfiguration;
			buildSettings = {
				ALWAYS_SEARCH_USER_PATHS = NO;
				CLANG_ANALYZER_NONNULL = YES;
				CLANG_ANALYZER_NUMBER_OBJECT_CONVERSION = YES_AGGRESSIVE;
				CLANG_CXX_LANGUAGE_STANDARD = "gnu++20";
				CLANG_ENABLE_MODULES = YES;
				CLANG_ENABLE_OBJC_ARC = YES;
				CLANG_ENABLE_OBJC_WEAK = YES;
				CLANG_WARN_BLOCK_CAPTURE_AUTORELEASING = YES;
				CLANG_WARN_BOOL_CONVERSION = YES;
				CLANG_WARN_COMMA = YES;
				CLANG_WARN_CONSTANT_CONVERSION = YES;
				CLANG_WARN_DEPRECATED_OBJC_IMPLEMENTATIONS = YES;
				CLANG_WARN_DIRECT_OBJC_ISA_USAGE = YES_ERROR;
				CLANG_WARN_DOCUMENTATION_COMMENTS = YES;
				CLANG_WARN_EMPTY_BODY = YES;
				CLANG_WARN_ENUM_CONVERSION = YES;
				CLANG_WARN_INFINITE_RECURSION = YES;
				CLANG_WARN_INT_CONVERSION = YES;
				CLANG_WARN_NON_LITERAL_NULL_CONVERSION = YES;
				CLANG_WARN_OBJC_IMPLICIT_RETAIN_SELF = YES;
				CLANG_WARN_OBJC_LITERAL_CONVERSION = YES;
				CLANG_WARN_OBJC_ROOT_CLASS = YES_ERROR;
				CLANG_WARN_QUOTED_INCLUDE_IN_FRAMEWORK_HEADER = YES;
				CLANG_WARN_RANGE_LOOP_ANALYSIS = YES;
				CLANG_WARN_STRICT_PROTOTYPES = YES;
				CLANG_WARN_SUSPICIOUS_MOVE = YES;
				CLANG_WARN_UNGUARDED_AVAILABILITY = YES_AGGRESSIVE;
				CLANG_WARN_UNREACHABLE_CODE = YES;
				CLANG_WARN__DUPLICATE_METHOD_MATCH = YES;
				COPY_PHASE_STRIP = NO;
				DEBUG_INFORMATION_FORMAT = dwarf;
				ENABLE_STRICT_OBJC_MSGSEND = YES;
				ENABLE_TESTABILITY = YES;
				GCC_C_LANGUAGE_STANDARD = gnu11;
				GCC_DYNAMIC_NO_PIC = NO;
				GCC_NO_COMMON_BLOCKS = YES;
				GCC_OPTIMIZATION_LEVEL = 0;
				GCC_PREPROCESSOR_DEFINITIONS = (
					"DEBUG=1",
					"$(inherited)",
				);
				GCC_WARN_64_TO_32_BIT_CONVERSION = YES;
				GCC_WARN_ABOUT_RETURN_TYPE = YES_ERROR;
				GCC_WARN_UNDECLARED_SELECTOR = YES;
				GCC_WARN_UNINITIALIZED_AUTOS = YES_AGGRESSIVE;
				GCC_WARN_UNUSED_FUNCTION = YES;
				GCC_WARN_UNUSED_VARIABLE = YES;
				IPHONEOS_DEPLOYMENT_TARGET = 16.4;
				MTL_ENABLE_DEBUG_INFO = INCLUDE_SOURCE;
				MTL_FAST_MATH = YES;
				ONLY_ACTIVE_ARCH = YES;
				SDKROOT = iphoneos;
				SWIFT_ACTIVE_COMPILATION_CONDITIONS = DEBUG;
				SWIFT_OPTIMIZATION_LEVEL = "-Onone";
			};
			name = Debug;
		};
		AA50B18A29F56E880015774D /* Release */ = {
			isa = XCBuildConfiguration;
			buildSettings = {
				ALWAYS_SEARCH_USER_PATHS = NO;
				CLANG_ANALYZER_NONNULL = YES;
				CLANG_ANALYZER_NUMBER_OBJECT_CONVERSION = YES_AGGRESSIVE;
				CLANG_CXX_LANGUAGE_STANDARD = "gnu++20";
				CLANG_ENABLE_MODULES = YES;
				CLANG_ENABLE_OBJC_ARC = YES;
				CLANG_ENABLE_OBJC_WEAK = YES;
				CLANG_WARN_BLOCK_CAPTURE_AUTORELEASING = YES;
				CLANG_WARN_BOOL_CONVERSION = YES;
				CLANG_WARN_COMMA = YES;
				CLANG_WARN_CONSTANT_CONVERSION = YES;
				CLANG_WARN_DEPRECATED_OBJC_IMPLEMENTATIONS = YES;
				CLANG_WARN_DIRECT_OBJC_ISA_USAGE = YES_ERROR;
				CLANG_WARN_DOCUMENTATION_COMMENTS = YES;
				CLANG_WARN_EMPTY_BODY = YES;
				CLANG_WARN_ENUM_CONVERSION = YES;
				CLANG_WARN_INFINITE_RECURSION = YES;
				CLANG_WARN_INT_CONVERSION = YES;
				CLANG_WARN_NON_LITERAL_NULL_CONVERSION = YES;
				CLANG_WARN_OBJC_IMPLICIT_RETAIN_SELF = YES;
				CLANG_WARN_OBJC_LITERAL_CONVERSION = YES;
				CLANG_WARN_OBJC_ROOT_CLASS = YES_ERROR;
				CLANG_WARN_QUOTED_INCLUDE_IN_FRAMEWORK_HEADER = YES;
				CLANG_WARN_RANGE_LOOP_ANALYSIS = YES;
				CLANG_WARN_STRICT_PROTOTYPES = YES;
				CLANG_WARN_SUSPICIOUS_MOVE = YES;
				CLANG_WARN_UNGUARDED_AVAILABILITY = YES_AGGRESSIVE;
				CLANG_WARN_UNREACHABLE_CODE = YES;
				CLANG_WARN__DUPLICATE_METHOD_MATCH = YES;
				COPY_PHASE_STRIP = NO;
				DEBUG_INFORMATION_FORMAT = "dwarf-with-dsym";
				ENABLE_NS_ASSERTIONS = NO;
				ENABLE_STRICT_OBJC_MSGSEND = YES;
				GCC_C_LANGUAGE_STANDARD = gnu11;
				GCC_NO_COMMON_BLOCKS = YES;
				GCC_WARN_64_TO_32_BIT_CONVERSION = YES;
				GCC_WARN_ABOUT_RETURN_TYPE = YES_ERROR;
				GCC_WARN_UNDECLARED_SELECTOR = YES;
				GCC_WARN_UNINITIALIZED_AUTOS = YES_AGGRESSIVE;
				GCC_WARN_UNUSED_FUNCTION = YES;
				GCC_WARN_UNUSED_VARIABLE = YES;
				IPHONEOS_DEPLOYMENT_TARGET = 16.4;
				MTL_ENABLE_DEBUG_INFO = NO;
				MTL_FAST_MATH = YES;
				SDKROOT = iphoneos;
				SWIFT_COMPILATION_MODE = wholemodule;
				SWIFT_OPTIMIZATION_LEVEL = "-O";
				VALIDATE_PRODUCT = YES;
			};
			name = Release;
		};
		AA50B18C29F56E880015774D /* Debug */ = {
			isa = XCBuildConfiguration;
			buildSettings = {
				ASSETCATALOG_COMPILER_APPICON_NAME = AppIcon;
				ASSETCATALOG_COMPILER_GLOBAL_ACCENT_COLOR_NAME = AccentColor;
				CODE_SIGN_STYLE = Automatic;
				CURRENT_PROJECT_VERSION = 1;
				DEVELOPMENT_ASSET_PATHS = "\"ios/Preview Content\"";
				DEVELOPMENT_TEAM = M299C649NZ;
				ENABLE_PREVIEWS = YES;
				GENERATE_INFOPLIST_FILE = YES;
				INFOPLIST_KEY_UIApplicationSceneManifest_Generation = YES;
				INFOPLIST_KEY_UIApplicationSupportsIndirectInputEvents = YES;
				INFOPLIST_KEY_UILaunchScreen_Generation = YES;
				INFOPLIST_KEY_UISupportedInterfaceOrientations_iPad = "UIInterfaceOrientationPortrait UIInterfaceOrientationPortraitUpsideDown UIInterfaceOrientationLandscapeLeft UIInterfaceOrientationLandscapeRight";
				INFOPLIST_KEY_UISupportedInterfaceOrientations_iPhone = "UIInterfaceOrientationPortrait UIInterfaceOrientationLandscapeLeft UIInterfaceOrientationLandscapeRight";
				LD_RUNPATH_SEARCH_PATHS = (
					"$(inherited)",
					"@executable_path/Frameworks",
				);
				MARKETING_VERSION = 1.0;
				PRODUCT_BUNDLE_IDENTIFIER = jp.kexi.distangle.ios;
				PRODUCT_NAME = "$(TARGET_NAME)";
				SWIFT_EMIT_LOC_STRINGS = YES;
				SWIFT_VERSION = 5.0;
				TARGETED_DEVICE_FAMILY = "1,2";
			};
			name = Debug;
		};
		AA50B18D29F56E880015774D /* Release */ = {
			isa = XCBuildConfiguration;
			buildSettings = {
				ASSETCATALOG_COMPILER_APPICON_NAME = AppIcon;
				ASSETCATALOG_COMPILER_GLOBAL_ACCENT_COLOR_NAME = AccentColor;
				CODE_SIGN_STYLE = Automatic;
				CURRENT_PROJECT_VERSION = 1;
				DEVELOPMENT_ASSET_PATHS = "\"ios/Preview Content\"";
				DEVELOPMENT_TEAM = M299C649NZ;
				ENABLE_PREVIEWS = YES;
				GENERATE_INFOPLIST_FILE = YES;
				INFOPLIST_KEY_UIApplicationSceneManifest_Generation = YES;
				INFOPLIST_KEY_UIApplicationSupportsIndirectInputEvents = YES;
				INFOPLIST_KEY_UILaunchScreen_Generation = YES;
				INFOPLIST_KEY_UISupportedInterfaceOrientations_iPad = "UIInterfaceOrientationPortrait UIInterfaceOrientationPortraitUpsideDown UIInterfaceOrientationLandscapeLeft UIInterfaceOrientationLandscapeRight";
				INFOPLIST_KEY_UISupportedInterfaceOrientations_iPhone = "UIInterfaceOrientationPortrait UIInterfaceOrientationLandscapeLeft UIInterfaceOrientationLandscapeRight";
				LD_RUNPATH_SEARCH_PATHS = (
					"$(inherited)",
					"@executable_path/Frameworks",
				);
				MARKETING_VERSION = 1.0;
				PRODUCT_BUNDLE_IDENTIFIER = jp.kexi.distangle.ios;
				PRODUCT_NAME = "$(TARGET_NAME)";
				SWIFT_EMIT_LOC_STRINGS = YES;
				SWIFT_VERSION = 5.0;
				TARGETED_DEVICE_FAMILY = "1,2";
			};
			name = Release;
		};
		AA50B18F29F56E880015774D /* Debug */ = {
			isa = XCBuildConfiguration;
			buildSettings = {
				ALWAYS_EMBED_SWIFT_STANDARD_LIBRARIES = YES;
				BUNDLE_LOADER = "$(TEST_HOST)";
				CODE_SIGN_STYLE = Automatic;
				CURRENT_PROJECT_VERSION = 1;
				DEVELOPMENT_TEAM = M299C649NZ;
				GENERATE_INFOPLIST_FILE = YES;
				IPHONEOS_DEPLOYMENT_TARGET = 16.4;
				MARKETING_VERSION = 1.0;
				PRODUCT_BUNDLE_IDENTIFIER = jp.kexi.distangle.iosTests;
				PRODUCT_NAME = "$(TARGET_NAME)";
				SWIFT_EMIT_LOC_STRINGS = NO;
				SWIFT_VERSION = 5.0;
				TARGETED_DEVICE_FAMILY = "1,2";
				TEST_HOST = "$(BUILT_PRODUCTS_DIR)/ios.app/$(BUNDLE_EXECUTABLE_FOLDER_PATH)/ios";
			};
			name = Debug;
		};
		AA50B19029F56E880015774D /* Release */ = {
			isa = XCBuildConfiguration;
			buildSettings = {
				ALWAYS_EMBED_SWIFT_STANDARD_LIBRARIES = YES;
				BUNDLE_LOADER = "$(TEST_HOST)";
				CODE_SIGN_STYLE = Automatic;
				CURRENT_PROJECT_VERSION = 1;
				DEVELOPMENT_TEAM = M299C649NZ;
				GENERATE_INFOPLIST_FILE = YES;
				IPHONEOS_DEPLOYMENT_TARGET = 16.4;
				MARKETING_VERSION = 1.0;
				PRODUCT_BUNDLE_IDENTIFIER = jp.kexi.distangle.iosTests;
				PRODUCT_NAME = "$(TARGET_NAME)";
				SWIFT_EMIT_LOC_STRINGS = NO;
				SWIFT_VERSION = 5.0;
				TARGETED_DEVICE_FAMILY = "1,2";
				TEST_HOST = "$(BUILT_PRODUCTS_DIR)/ios.app/$(BUNDLE_EXECUTABLE_FOLDER_PATH)/ios";
			};
			name = Release;
		};
		AA50B19229F56E880015774D /* Debug */ = {
			isa = XCBuildConfiguration;
			buildSettings = {
				ALWAYS_EMBED_SWIFT_STANDARD_LIBRARIES = YES;
				CODE_SIGN_STYLE = Automatic;
				CURRENT_PROJECT_VERSION = 1;
				DEVELOPMENT_TEAM = M299C649NZ;
				GENERATE_INFOPLIST_FILE = YES;
				MARKETING_VERSION = 1.0;
				PRODUCT_BUNDLE_IDENTIFIER = jp.kexi.distangle.iosUITests;
				PRODUCT_NAME = "$(TARGET_NAME)";
				SWIFT_EMIT_LOC_STRINGS = NO;
				SWIFT_VERSION = 5.0;
				TARGETED_DEVICE_FAMILY = "1,2";
				TEST_TARGET_NAME = ios;
			};
			name = Debug;
		};
		AA50B19329F56E880015774D /* Release */ = {
			isa = XCBuildConfiguration;
			buildSettings = {
				ALWAYS_EMBED_SWIFT_STANDARD_LIBRARIES = YES;
				CODE_SIGN_STYLE = Automatic;
				CURRENT_PROJECT_VERSION = 1;
				DEVELOPMENT_TEAM = M299C649NZ;
				GENERATE_INFOPLIST_FILE = YES;
				MARKETING_VERSION = 1.0;
				PRODUCT_BUNDLE_IDENTIFIER = jp.kexi.distangle.iosUITests;
				PRODUCT_NAME = "$(TARGET_NAME)";
				SWIFT_EMIT_LOC_STRINGS = NO;
				SWIFT_VERSION = 5.0;
				TARGETED_DEVICE_FAMILY = "1,2";
				TEST_TARGET_NAME = ios;
			};
			name = Release;
		};
/* End XCBuildConfiguration section */

/* Begin XCConfigurationList section */
		AA50B16229F56E870015774D /* Build configuration list for PBXProject "ios" */ = {
			isa = XCConfigurationList;
			buildConfigurations = (
				AA50B18929F56E880015774D /* Debug */,
				AA50B18A29F56E880015774D /* Release */,
			);
			defaultConfigurationIsVisible = 0;
			defaultConfigurationName = Release;
		};
		AA50B18B29F56E880015774D /* Build configuration list for PBXNativeTarget "ios" */ = {
			isa = XCConfigurationList;
			buildConfigurations = (
				AA50B18C29F56E880015774D /* Debug */,
				AA50B18D29F56E880015774D /* Release */,
			);
			defaultConfigurationIsVisible = 0;
			defaultConfigurationName = Release;
		};
		AA50B18E29F56E880015774D /* Build configuration list for PBXNativeTarget "iosTests" */ = {
			isa = XCConfigurationList;
			buildConfigurations = (
				AA50B18F29F56E880015774D /* Debug */,
				AA50B19029F56E880015774D /* Release */,
			);
			defaultConfigurationIsVisible = 0;
			defaultConfigurationName = Release;
		};
		AA50B19129F56E880015774D /* Build configuration list for PBXNativeTarget "iosUITests" */ = {
			isa = XCConfigurationList;
			buildConfigurations = (
				AA50B19229F56E880015774D /* Debug */,
				AA50B19329F56E880015774D /* Release */,
			);
			defaultConfigurationIsVisible = 0;
			defaultConfigurationName = Release;
		};
/* End XCConfigurationList section */
	};
	rootObject = AA50B15F29F56E870015774D /* Project object */;
}
