// !$*UTF8*$!
{
	archiveVersion = 1;
	classes = {
	};
	objectVersion = 56;
	objects = {

/* Begin PBXBuildFile section */
		4FA103918BEA8D7C8ED758EB /* Pods_osxTests.framework in Frameworks */ = {isa = PBXBuildFile; fileRef = 17337B2AA6D84A8FD6D70ED2 /* Pods_osxTests.framework */; };
		59CCB7FCD9CE8EC2A194A544 /* Pods_osx_osxUITests.framework in Frameworks */ = {isa = PBXBuildFile; fileRef = 5BB48F423BC4B913CB87D331 /* Pods_osx_osxUITests.framework */; };
		5FAF1F272937012E70BE5589 /* Pods_osx.framework in Frameworks */ = {isa = PBXBuildFile; fileRef = 3D1B713424A2E9533C95FE9D /* Pods_osx.framework */; };
		AA50B13429F56CEB0015774D /* osxApp.swift in Sources */ = {isa = PBXBuildFile; fileRef = AA50B13329F56CEB0015774D /* osxApp.swift */; };
		AA50B13629F56CEB0015774D /* ContentView.swift in Sources */ = {isa = PBXBuildFile; fileRef = AA50B13529F56CEB0015774D /* ContentView.swift */; };
		AA50B13829F56CEB0015774D /* Assets.xcassets in Resources */ = {isa = PBXBuildFile; fileRef = AA50B13729F56CEB0015774D /* Assets.xcassets */; };
		AA50B13B29F56CEB0015774D /* Preview Assets.xcassets in Resources */ = {isa = PBXBuildFile; fileRef = AA50B13A29F56CEB0015774D /* Preview Assets.xcassets */; };
		AA50B14629F56CEB0015774D /* osxTests.swift in Sources */ = {isa = PBXBuildFile; fileRef = AA50B14529F56CEB0015774D /* osxTests.swift */; };
		AA50B15029F56CEB0015774D /* osxUITests.swift in Sources */ = {isa = PBXBuildFile; fileRef = AA50B14F29F56CEB0015774D /* osxUITests.swift */; };
		AA50B15229F56CEB0015774D /* osxUITestsLaunchTests.swift in Sources */ = {isa = PBXBuildFile; fileRef = AA50B15129F56CEB0015774D /* osxUITestsLaunchTests.swift */; };
/* End PBXBuildFile section */

/* Begin PBXContainerItemProxy section */
		AA50B14229F56CEB0015774D /* PBXContainerItemProxy */ = {
			isa = PBXContainerItemProxy;
			containerPortal = AA50B12829F56CEA0015774D /* Project object */;
			proxyType = 1;
			remoteGlobalIDString = AA50B12F29F56CEA0015774D;
			remoteInfo = osx;
		};
		AA50B14C29F56CEB0015774D /* PBXContainerItemProxy */ = {
			isa = PBXContainerItemProxy;
			containerPortal = AA50B12829F56CEA0015774D /* Project object */;
			proxyType = 1;
			remoteGlobalIDString = AA50B12F29F56CEA0015774D;
			remoteInfo = osx;
		};
/* End PBXContainerItemProxy section */

/* Begin PBXFileReference section */
		17337B2AA6D84A8FD6D70ED2 /* Pods_osxTests.framework */ = {isa = PBXFileReference; explicitFileType = wrapper.framework; includeInIndex = 0; path = Pods_osxTests.framework; sourceTree = BUILT_PRODUCTS_DIR; };
		2C6A6D4E5D64050B2E458103 /* Pods-osx.release.xcconfig */ = {isa = PBXFileReference; includeInIndex = 1; lastKnownFileType = text.xcconfig; name = "Pods-osx.release.xcconfig"; path = "Target Support Files/Pods-osx/Pods-osx.release.xcconfig"; sourceTree = "<group>"; };
		37D6DC971A3465B1529BF513 /* Pods-osxTests.release.xcconfig */ = {isa = PBXFileReference; includeInIndex = 1; lastKnownFileType = text.xcconfig; name = "Pods-osxTests.release.xcconfig"; path = "Target Support Files/Pods-osxTests/Pods-osxTests.release.xcconfig"; sourceTree = "<group>"; };
		3D1B713424A2E9533C95FE9D /* Pods_osx.framework */ = {isa = PBXFileReference; explicitFileType = wrapper.framework; includeInIndex = 0; path = Pods_osx.framework; sourceTree = BUILT_PRODUCTS_DIR; };
		466896775B0AB41E18C964D7 /* Pods-osx-osxUITests.release.xcconfig */ = {isa = PBXFileReference; includeInIndex = 1; lastKnownFileType = text.xcconfig; name = "Pods-osx-osxUITests.release.xcconfig"; path = "Target Support Files/Pods-osx-osxUITests/Pods-osx-osxUITests.release.xcconfig"; sourceTree = "<group>"; };
		5BB48F423BC4B913CB87D331 /* Pods_osx_osxUITests.framework */ = {isa = PBXFileReference; explicitFileType = wrapper.framework; includeInIndex = 0; path = Pods_osx_osxUITests.framework; sourceTree = BUILT_PRODUCTS_DIR; };
		72E97A6670FBE2D9D7297720 /* Pods-osx-osxUITests.debug.xcconfig */ = {isa = PBXFileReference; includeInIndex = 1; lastKnownFileType = text.xcconfig; name = "Pods-osx-osxUITests.debug.xcconfig"; path = "Target Support Files/Pods-osx-osxUITests/Pods-osx-osxUITests.debug.xcconfig"; sourceTree = "<group>"; };
		AA50B13029F56CEB0015774D /* osx.app */ = {isa = PBXFileReference; explicitFileType = wrapper.application; includeInIndex = 0; path = osx.app; sourceTree = BUILT_PRODUCTS_DIR; };
		AA50B13329F56CEB0015774D /* osxApp.swift */ = {isa = PBXFileReference; lastKnownFileType = sourcecode.swift; path = osxApp.swift; sourceTree = "<group>"; };
		AA50B13529F56CEB0015774D /* ContentView.swift */ = {isa = PBXFileReference; lastKnownFileType = sourcecode.swift; path = ContentView.swift; sourceTree = "<group>"; };
		AA50B13729F56CEB0015774D /* Assets.xcassets */ = {isa = PBXFileReference; lastKnownFileType = folder.assetcatalog; path = Assets.xcassets; sourceTree = "<group>"; };
		AA50B13A29F56CEB0015774D /* Preview Assets.xcassets */ = {isa = PBXFileReference; lastKnownFileType = folder.assetcatalog; path = "Preview Assets.xcassets"; sourceTree = "<group>"; };
		AA50B13C29F56CEB0015774D /* osx.entitlements */ = {isa = PBXFileReference; lastKnownFileType = text.plist.entitlements; path = osx.entitlements; sourceTree = "<group>"; };
		AA50B14129F56CEB0015774D /* osxTests.xctest */ = {isa = PBXFileReference; explicitFileType = wrapper.cfbundle; includeInIndex = 0; path = osxTests.xctest; sourceTree = BUILT_PRODUCTS_DIR; };
		AA50B14529F56CEB0015774D /* osxTests.swift */ = {isa = PBXFileReference; lastKnownFileType = sourcecode.swift; path = osxTests.swift; sourceTree = "<group>"; };
		AA50B14B29F56CEB0015774D /* osxUITests.xctest */ = {isa = PBXFileReference; explicitFileType = wrapper.cfbundle; includeInIndex = 0; path = osxUITests.xctest; sourceTree = BUILT_PRODUCTS_DIR; };
		AA50B14F29F56CEB0015774D /* osxUITests.swift */ = {isa = PBXFileReference; lastKnownFileType = sourcecode.swift; path = osxUITests.swift; sourceTree = "<group>"; };
		AA50B15129F56CEB0015774D /* osxUITestsLaunchTests.swift */ = {isa = PBXFileReference; lastKnownFileType = sourcecode.swift; path = osxUITestsLaunchTests.swift; sourceTree = "<group>"; };
		EA88F00B15E3D220F7C9EBDC /* Pods-osx.debug.xcconfig */ = {isa = PBXFileReference; includeInIndex = 1; lastKnownFileType = text.xcconfig; name = "Pods-osx.debug.xcconfig"; path = "Target Support Files/Pods-osx/Pods-osx.debug.xcconfig"; sourceTree = "<group>"; };
		FA3C0C8180B1A0A96330AC2F /* Pods-osxTests.debug.xcconfig */ = {isa = PBXFileReference; includeInIndex = 1; lastKnownFileType = text.xcconfig; name = "Pods-osxTests.debug.xcconfig"; path = "Target Support Files/Pods-osxTests/Pods-osxTests.debug.xcconfig"; sourceTree = "<group>"; };
/* End PBXFileReference section */

/* Begin PBXFrameworksBuildPhase section */
		AA50B12D29F56CEA0015774D /* Frameworks */ = {
			isa = PBXFrameworksBuildPhase;
			buildActionMask = 2147483647;
			files = (
				5FAF1F272937012E70BE5589 /* Pods_osx.framework in Frameworks */,
			);
			runOnlyForDeploymentPostprocessing = 0;
		};
		AA50B13E29F56CEB0015774D /* Frameworks */ = {
			isa = PBXFrameworksBuildPhase;
			buildActionMask = 2147483647;
			files = (
				4FA103918BEA8D7C8ED758EB /* Pods_osxTests.framework in Frameworks */,
			);
			runOnlyForDeploymentPostprocessing = 0;
		};
		AA50B14829F56CEB0015774D /* Frameworks */ = {
			isa = PBXFrameworksBuildPhase;
			buildActionMask = 2147483647;
			files = (
				59CCB7FCD9CE8EC2A194A544 /* Pods_osx_osxUITests.framework in Frameworks */,
			);
			runOnlyForDeploymentPostprocessing = 0;
		};
/* End PBXFrameworksBuildPhase section */

/* Begin PBXGroup section */
		735FBE5462BABDE753FFBA0B /* Frameworks */ = {
			isa = PBXGroup;
			children = (
				3D1B713424A2E9533C95FE9D /* Pods_osx.framework */,
				5BB48F423BC4B913CB87D331 /* Pods_osx_osxUITests.framework */,
				17337B2AA6D84A8FD6D70ED2 /* Pods_osxTests.framework */,
			);
			name = Frameworks;
			sourceTree = "<group>";
		};
		A1FA82E7C5CDF838E4E36D9F /* Pods */ = {
			isa = PBXGroup;
			children = (
				EA88F00B15E3D220F7C9EBDC /* Pods-osx.debug.xcconfig */,
				2C6A6D4E5D64050B2E458103 /* Pods-osx.release.xcconfig */,
				72E97A6670FBE2D9D7297720 /* Pods-osx-osxUITests.debug.xcconfig */,
				466896775B0AB41E18C964D7 /* Pods-osx-osxUITests.release.xcconfig */,
				FA3C0C8180B1A0A96330AC2F /* Pods-osxTests.debug.xcconfig */,
				37D6DC971A3465B1529BF513 /* Pods-osxTests.release.xcconfig */,
			);
			name = Pods;
			path = ../Pods;
			sourceTree = "<group>";
		};
		AA50B12729F56CEA0015774D = {
			isa = PBXGroup;
			children = (
				AA50B13229F56CEB0015774D /* osx */,
				AA50B14429F56CEB0015774D /* osxTests */,
				AA50B14E29F56CEB0015774D /* osxUITests */,
				AA50B13129F56CEB0015774D /* Products */,
				A1FA82E7C5CDF838E4E36D9F /* Pods */,
				735FBE5462BABDE753FFBA0B /* Frameworks */,
			);
			sourceTree = "<group>";
		};
		AA50B13129F56CEB0015774D /* Products */ = {
			isa = PBXGroup;
			children = (
				AA50B13029F56CEB0015774D /* osx.app */,
				AA50B14129F56CEB0015774D /* osxTests.xctest */,
				AA50B14B29F56CEB0015774D /* osxUITests.xctest */,
			);
			name = Products;
			sourceTree = "<group>";
		};
		AA50B13229F56CEB0015774D /* osx */ = {
			isa = PBXGroup;
			children = (
				AA50B13329F56CEB0015774D /* osxApp.swift */,
				AA50B13529F56CEB0015774D /* ContentView.swift */,
				AA50B13729F56CEB0015774D /* Assets.xcassets */,
				AA50B13C29F56CEB0015774D /* osx.entitlements */,
				AA50B13929F56CEB0015774D /* Preview Content */,
			);
			path = osx;
			sourceTree = "<group>";
		};
		AA50B13929F56CEB0015774D /* Preview Content */ = {
			isa = PBXGroup;
			children = (
				AA50B13A29F56CEB0015774D /* Preview Assets.xcassets */,
			);
			path = "Preview Content";
			sourceTree = "<group>";
		};
		AA50B14429F56CEB0015774D /* osxTests */ = {
			isa = PBXGroup;
			children = (
				AA50B14529F56CEB0015774D /* osxTests.swift */,
			);
			path = osxTests;
			sourceTree = "<group>";
		};
		AA50B14E29F56CEB0015774D /* osxUITests */ = {
			isa = PBXGroup;
			children = (
				AA50B14F29F56CEB0015774D /* osxUITests.swift */,
				AA50B15129F56CEB0015774D /* osxUITestsLaunchTests.swift */,
			);
			path = osxUITests;
			sourceTree = "<group>";
		};
/* End PBXGroup section */

/* Begin PBXNativeTarget section */
		AA50B12F29F56CEA0015774D /* osx */ = {
			isa = PBXNativeTarget;
			buildConfigurationList = AA50B15529F56CEB0015774D /* Build configuration list for PBXNativeTarget "osx" */;
			buildPhases = (
				ACF1248316C5A3103A5DCE30 /* [CP] Check Pods Manifest.lock */,
				AA50B12C29F56CEA0015774D /* Sources */,
				AA50B12D29F56CEA0015774D /* Frameworks */,
				AA50B12E29F56CEA0015774D /* Resources */,
			);
			buildRules = (
			);
			dependencies = (
			);
			name = osx;
			productName = osx;
			productReference = AA50B13029F56CEB0015774D /* osx.app */;
			productType = "com.apple.product-type.application";
		};
		AA50B14029F56CEB0015774D /* osxTests */ = {
			isa = PBXNativeTarget;
			buildConfigurationList = AA50B15829F56CEB0015774D /* Build configuration list for PBXNativeTarget "osxTests" */;
			buildPhases = (
				85C58975340D41E4D3A45360 /* [CP] Check Pods Manifest.lock */,
				AA50B13D29F56CEB0015774D /* Sources */,
				AA50B13E29F56CEB0015774D /* Frameworks */,
				AA50B13F29F56CEB0015774D /* Resources */,
			);
			buildRules = (
			);
			dependencies = (
				AA50B14329F56CEB0015774D /* PBXTargetDependency */,
			);
			name = osxTests;
			productName = osxTests;
			productReference = AA50B14129F56CEB0015774D /* osxTests.xctest */;
			productType = "com.apple.product-type.bundle.unit-test";
		};
		AA50B14A29F56CEB0015774D /* osxUITests */ = {
			isa = PBXNativeTarget;
			buildConfigurationList = AA50B15B29F56CEB0015774D /* Build configuration list for PBXNativeTarget "osxUITests" */;
			buildPhases = (
				F2FE89BFE0E4931246CDA7B1 /* [CP] Check Pods Manifest.lock */,
				AA50B14729F56CEB0015774D /* Sources */,
				AA50B14829F56CEB0015774D /* Frameworks */,
				AA50B14929F56CEB0015774D /* Resources */,
			);
			buildRules = (
			);
			dependencies = (
				AA50B14D29F56CEB0015774D /* PBXTargetDependency */,
			);
			name = osxUITests;
			productName = osxUITests;
			productReference = AA50B14B29F56CEB0015774D /* osxUITests.xctest */;
			productType = "com.apple.product-type.bundle.ui-testing";
		};
/* End PBXNativeTarget section */

/* Begin PBXProject section */
		AA50B12829F56CEA0015774D /* Project object */ = {
			isa = PBXProject;
			attributes = {
				BuildIndependentTargetsInParallel = 1;
				LastSwiftUpdateCheck = 1430;
				LastUpgradeCheck = 1430;
				TargetAttributes = {
					AA50B12F29F56CEA0015774D = {
						CreatedOnToolsVersion = 14.3;
					};
					AA50B14029F56CEB0015774D = {
						CreatedOnToolsVersion = 14.3;
						TestTargetID = AA50B12F29F56CEA0015774D;
					};
					AA50B14A29F56CEB0015774D = {
						CreatedOnToolsVersion = 14.3;
						TestTargetID = AA50B12F29F56CEA0015774D;
					};
				};
			};
			buildConfigurationList = AA50B12B29F56CEA0015774D /* Build configuration list for PBXProject "osx" */;
			compatibilityVersion = "Xcode 14.0";
			developmentRegion = en;
			hasScannedForEncodings = 0;
			knownRegions = (
				en,
				Base,
			);
			mainGroup = AA50B12729F56CEA0015774D;
			productRefGroup = AA50B13129F56CEB0015774D /* Products */;
			projectDirPath = "";
			projectRoot = "";
			targets = (
				AA50B12F29F56CEA0015774D /* osx */,
				AA50B14029F56CEB0015774D /* osxTests */,
				AA50B14A29F56CEB0015774D /* osxUITests */,
			);
		};
/* End PBXProject section */

/* Begin PBXResourcesBuildPhase section */
		AA50B12E29F56CEA0015774D /* Resources */ = {
			isa = PBXResourcesBuildPhase;
			buildActionMask = 2147483647;
			files = (
				AA50B13B29F56CEB0015774D /* Preview Assets.xcassets in Resources */,
				AA50B13829F56CEB0015774D /* Assets.xcassets in Resources */,
			);
			runOnlyForDeploymentPostprocessing = 0;
		};
		AA50B13F29F56CEB0015774D /* Resources */ = {
			isa = PBXResourcesBuildPhase;
			buildActionMask = 2147483647;
			files = (
			);
			runOnlyForDeploymentPostprocessing = 0;
		};
		AA50B14929F56CEB0015774D /* Resources */ = {
			isa = PBXResourcesBuildPhase;
			buildActionMask = 2147483647;
			files = (
			);
			runOnlyForDeploymentPostprocessing = 0;
		};
/* End PBXResourcesBuildPhase section */

/* Begin PBXShellScriptBuildPhase section */
		85C58975340D41E4D3A45360 /* [CP] Check Pods Manifest.lock */ = {
			isa = PBXShellScriptBuildPhase;
			buildActionMask = 2147483647;
			files = (
			);
			inputFileListPaths = (
			);
			inputPaths = (
				"${PODS_PODFILE_DIR_PATH}/Podfile.lock",
				"${PODS_ROOT}/Manifest.lock",
			);
			name = "[CP] Check Pods Manifest.lock";
			outputFileListPaths = (
			);
			outputPaths = (
				"$(DERIVED_FILE_DIR)/Pods-osxTests-checkManifestLockResult.txt",
			);
			runOnlyForDeploymentPostprocessing = 0;
			shellPath = /bin/sh;
			shellScript = "diff \"${PODS_PODFILE_DIR_PATH}/Podfile.lock\" \"${PODS_ROOT}/Manifest.lock\" > /dev/null\nif [ $? != 0 ] ; then\n    # print error to STDERR\n    echo \"error: The sandbox is not in sync with the Podfile.lock. Run 'pod install' or update your CocoaPods installation.\" >&2\n    exit 1\nfi\n# This output is used by Xcode 'outputs' to avoid re-running this script phase.\necho \"SUCCESS\" > \"${SCRIPT_OUTPUT_FILE_0}\"\n";
			showEnvVarsInLog = 0;
		};
		ACF1248316C5A3103A5DCE30 /* [CP] Check Pods Manifest.lock */ = {
			isa = PBXShellScriptBuildPhase;
			buildActionMask = 2147483647;
			files = (
			);
			inputFileListPaths = (
			);
			inputPaths = (
				"${PODS_PODFILE_DIR_PATH}/Podfile.lock",
				"${PODS_ROOT}/Manifest.lock",
			);
			name = "[CP] Check Pods Manifest.lock";
			outputFileListPaths = (
			);
			outputPaths = (
				"$(DERIVED_FILE_DIR)/Pods-osx-checkManifestLockResult.txt",
			);
			runOnlyForDeploymentPostprocessing = 0;
			shellPath = /bin/sh;
			shellScript = "diff \"${PODS_PODFILE_DIR_PATH}/Podfile.lock\" \"${PODS_ROOT}/Manifest.lock\" > /dev/null\nif [ $? != 0 ] ; then\n    # print error to STDERR\n    echo \"error: The sandbox is not in sync with the Podfile.lock. Run 'pod install' or update your CocoaPods installation.\" >&2\n    exit 1\nfi\n# This output is used by Xcode 'outputs' to avoid re-running this script phase.\necho \"SUCCESS\" > \"${SCRIPT_OUTPUT_FILE_0}\"\n";
			showEnvVarsInLog = 0;
		};
		F2FE89BFE0E4931246CDA7B1 /* [CP] Check Pods Manifest.lock */ = {
			isa = PBXShellScriptBuildPhase;
			buildActionMask = 2147483647;
			files = (
			);
			inputFileListPaths = (
			);
			inputPaths = (
				"${PODS_PODFILE_DIR_PATH}/Podfile.lock",
				"${PODS_ROOT}/Manifest.lock",
			);
			name = "[CP] Check Pods Manifest.lock";
			outputFileListPaths = (
			);
			outputPaths = (
				"$(DERIVED_FILE_DIR)/Pods-osx-osxUITests-checkManifestLockResult.txt",
			);
			runOnlyForDeploymentPostprocessing = 0;
			shellPath = /bin/sh;
			shellScript = "diff \"${PODS_PODFILE_DIR_PATH}/Podfile.lock\" \"${PODS_ROOT}/Manifest.lock\" > /dev/null\nif [ $? != 0 ] ; then\n    # print error to STDERR\n    echo \"error: The sandbox is not in sync with the Podfile.lock. Run 'pod install' or update your CocoaPods installation.\" >&2\n    exit 1\nfi\n# This output is used by Xcode 'outputs' to avoid re-running this script phase.\necho \"SUCCESS\" > \"${SCRIPT_OUTPUT_FILE_0}\"\n";
			showEnvVarsInLog = 0;
		};
/* End PBXShellScriptBuildPhase section */

/* Begin PBXSourcesBuildPhase section */
		AA50B12C29F56CEA0015774D /* Sources */ = {
			isa = PBXSourcesBuildPhase;
			buildActionMask = 2147483647;
			files = (
				AA50B13629F56CEB0015774D /* ContentView.swift in Sources */,
				AA50B13429F56CEB0015774D /* osxApp.swift in Sources */,
			);
			runOnlyForDeploymentPostprocessing = 0;
		};
		AA50B13D29F56CEB0015774D /* Sources */ = {
			isa = PBXSourcesBuildPhase;
			buildActionMask = 2147483647;
			files = (
				AA50B14629F56CEB0015774D /* osxTests.swift in Sources */,
			);
			runOnlyForDeploymentPostprocessing = 0;
		};
		AA50B14729F56CEB0015774D /* Sources */ = {
			isa = PBXSourcesBuildPhase;
			buildActionMask = 2147483647;
			files = (
				AA50B15029F56CEB0015774D /* osxUITests.swift in Sources */,
				AA50B15229F56CEB0015774D /* osxUITestsLaunchTests.swift in Sources */,
			);
			runOnlyForDeploymentPostprocessing = 0;
		};
/* End PBXSourcesBuildPhase section */

/* Begin PBXTargetDependency section */
		AA50B14329F56CEB0015774D /* PBXTargetDependency */ = {
			isa = PBXTargetDependency;
			target = AA50B12F29F56CEA0015774D /* osx */;
			targetProxy = AA50B14229F56CEB0015774D /* PBXContainerItemProxy */;
		};
		AA50B14D29F56CEB0015774D /* PBXTargetDependency */ = {
			isa = PBXTargetDependency;
			target = AA50B12F29F56CEA0015774D /* osx */;
			targetProxy = AA50B14C29F56CEB0015774D /* PBXContainerItemProxy */;
		};
/* End PBXTargetDependency section */

/* Begin XCBuildConfiguration section */
		AA50B15329F56CEB0015774D /* Debug */ = {
			isa = XCBuildConfiguration;
			buildSettings = {
				ALWAYS_SEARCH_USER_PATHS = NO;
				CLANG_ANALYZER_NONNULL = YES;
				CLANG_ANALYZER_NUMBER_OBJECT_CONVERSION = YES_AGGRESSIVE;
				CLANG_CXX_LANGUAGE_STANDARD = "gnu++20";
				CLANG_ENABLE_MODULES = YES;
				CLANG_ENABLE_OBJC_ARC = YES;
				CLANG_ENABLE_OBJC_WEAK = YES;
				CLANG_WARN_BLOCK_CAPTURE_AUTORELEASING = YES;
				CLANG_WARN_BOOL_CONVERSION = YES;
				CLANG_WARN_COMMA = YES;
				CLANG_WARN_CONSTANT_CONVERSION = YES;
				CLANG_WARN_DEPRECATED_OBJC_IMPLEMENTATIONS = YES;
				CLANG_WARN_DIRECT_OBJC_ISA_USAGE = YES_ERROR;
				CLANG_WARN_DOCUMENTATION_COMMENTS = YES;
				CLANG_WARN_EMPTY_BODY = YES;
				CLANG_WARN_ENUM_CONVERSION = YES;
				CLANG_WARN_INFINITE_RECURSION = YES;
				CLANG_WARN_INT_CONVERSION = YES;
				CLANG_WARN_NON_LITERAL_NULL_CONVERSION = YES;
				CLANG_WARN_OBJC_IMPLICIT_RETAIN_SELF = YES;
				CLANG_WARN_OBJC_LITERAL_CONVERSION = YES;
				CLANG_WARN_OBJC_ROOT_CLASS = YES_ERROR;
				CLANG_WARN_QUOTED_INCLUDE_IN_FRAMEWORK_HEADER = YES;
				CLANG_WARN_RANGE_LOOP_ANALYSIS = YES;
				CLANG_WARN_STRICT_PROTOTYPES = YES;
				CLANG_WARN_SUSPICIOUS_MOVE = YES;
				CLANG_WARN_UNGUARDED_AVAILABILITY = YES_AGGRESSIVE;
				CLANG_WARN_UNREACHABLE_CODE = YES;
				CLANG_WARN__DUPLICATE_METHOD_MATCH = YES;
				COPY_PHASE_STRIP = NO;
				DEBUG_INFORMATION_FORMAT = dwarf;
				ENABLE_STRICT_OBJC_MSGSEND = YES;
				ENABLE_TESTABILITY = YES;
				GCC_C_LANGUAGE_STANDARD = gnu11;
				GCC_DYNAMIC_NO_PIC = NO;
				GCC_NO_COMMON_BLOCKS = YES;
				GCC_OPTIMIZATION_LEVEL = 0;
				GCC_PREPROCESSOR_DEFINITIONS = (
					"DEBUG=1",
					"$(inherited)",
				);
				GCC_WARN_64_TO_32_BIT_CONVERSION = YES;
				GCC_WARN_ABOUT_RETURN_TYPE = YES_ERROR;
				GCC_WARN_UNDECLARED_SELECTOR = YES;
				GCC_WARN_UNINITIALIZED_AUTOS = YES_AGGRESSIVE;
				GCC_WARN_UNUSED_FUNCTION = YES;
				GCC_WARN_UNUSED_VARIABLE = YES;
				MACOSX_DEPLOYMENT_TARGET = 13.3;
				MTL_ENABLE_DEBUG_INFO = INCLUDE_SOURCE;
				MTL_FAST_MATH = YES;
				ONLY_ACTIVE_ARCH = YES;
				SDKROOT = macosx;
				SWIFT_ACTIVE_COMPILATION_CONDITIONS = DEBUG;
				SWIFT_OPTIMIZATION_LEVEL = "-Onone";
			};
			name = Debug;
		};
		AA50B15429F56CEB0015774D /* Release */ = {
			isa = XCBuildConfiguration;
			buildSettings = {
				ALWAYS_SEARCH_USER_PATHS = NO;
				CLANG_ANALYZER_NONNULL = YES;
				CLANG_ANALYZER_NUMBER_OBJECT_CONVERSION = YES_AGGRESSIVE;
				CLANG_CXX_LANGUAGE_STANDARD = "gnu++20";
				CLANG_ENABLE_MODULES = YES;
				CLANG_ENABLE_OBJC_ARC = YES;
				CLANG_ENABLE_OBJC_WEAK = YES;
				CLANG_WARN_BLOCK_CAPTURE_AUTORELEASING = YES;
				CLANG_WARN_BOOL_CONVERSION = YES;
				CLANG_WARN_COMMA = YES;
				CLANG_WARN_CONSTANT_CONVERSION = YES;
				CLANG_WARN_DEPRECATED_OBJC_IMPLEMENTATIONS = YES;
				CLANG_WARN_DIRECT_OBJC_ISA_USAGE = YES_ERROR;
				CLANG_WARN_DOCUMENTATION_COMMENTS = YES;
				CLANG_WARN_EMPTY_BODY = YES;
				CLANG_WARN_ENUM_CONVERSION = YES;
				CLANG_WARN_INFINITE_RECURSION = YES;
				CLANG_WARN_INT_CONVERSION = YES;
				CLANG_WARN_NON_LITERAL_NULL_CONVERSION = YES;
				CLANG_WARN_OBJC_IMPLICIT_RETAIN_SELF = YES;
				CLANG_WARN_OBJC_LITERAL_CONVERSION = YES;
				CLANG_WARN_OBJC_ROOT_CLASS = YES_ERROR;
				CLANG_WARN_QUOTED_INCLUDE_IN_FRAMEWORK_HEADER = YES;
				CLANG_WARN_RANGE_LOOP_ANALYSIS = YES;
				CLANG_WARN_STRICT_PROTOTYPES = YES;
				CLANG_WARN_SUSPICIOUS_MOVE = YES;
				CLANG_WARN_UNGUARDED_AVAILABILITY = YES_AGGRESSIVE;
				CLANG_WARN_UNREACHABLE_CODE = YES;
				CLANG_WARN__DUPLICATE_METHOD_MATCH = YES;
				COPY_PHASE_STRIP = NO;
				DEBUG_INFORMATION_FORMAT = "dwarf-with-dsym";
				ENABLE_NS_ASSERTIONS = NO;
				ENABLE_STRICT_OBJC_MSGSEND = YES;
				GCC_C_LANGUAGE_STANDARD = gnu11;
				GCC_NO_COMMON_BLOCKS = YES;
				GCC_WARN_64_TO_32_BIT_CONVERSION = YES;
				GCC_WARN_ABOUT_RETURN_TYPE = YES_ERROR;
				GCC_WARN_UNDECLARED_SELECTOR = YES;
				GCC_WARN_UNINITIALIZED_AUTOS = YES_AGGRESSIVE;
				GCC_WARN_UNUSED_FUNCTION = YES;
				GCC_WARN_UNUSED_VARIABLE = YES;
				MACOSX_DEPLOYMENT_TARGET = 13.3;
				MTL_ENABLE_DEBUG_INFO = NO;
				MTL_FAST_MATH = YES;
				SDKROOT = macosx;
				SWIFT_COMPILATION_MODE = wholemodule;
				SWIFT_OPTIMIZATION_LEVEL = "-O";
			};
			name = Release;
		};
		AA50B15629F56CEB0015774D /* Debug */ = {
			isa = XCBuildConfiguration;
			baseConfigurationReference = EA88F00B15E3D220F7C9EBDC /* Pods-osx.debug.xcconfig */;
			buildSettings = {
				ASSETCATALOG_COMPILER_APPICON_NAME = AppIcon;
				ASSETCATALOG_COMPILER_GLOBAL_ACCENT_COLOR_NAME = AccentColor;
				CODE_SIGN_ENTITLEMENTS = osx/osx.entitlements;
				CODE_SIGN_STYLE = Automatic;
				COMBINE_HIDPI_IMAGES = YES;
				CURRENT_PROJECT_VERSION = 1;
				DEVELOPMENT_ASSET_PATHS = "\"osx/Preview Content\"";
				DEVELOPMENT_TEAM = M299C649NZ;
				ENABLE_HARDENED_RUNTIME = YES;
				ENABLE_PREVIEWS = YES;
				GENERATE_INFOPLIST_FILE = YES;
				INFOPLIST_KEY_NSHumanReadableCopyright = "";
				LD_RUNPATH_SEARCH_PATHS = (
					"$(inherited)",
					"@executable_path/../Frameworks",
				);
				MARKETING_VERSION = 1.0;
				PRODUCT_BUNDLE_IDENTIFIER = jp.kexi.distangle.osx;
				PRODUCT_NAME = "$(TARGET_NAME)";
				SWIFT_EMIT_LOC_STRINGS = YES;
				SWIFT_VERSION = 5.0;
			};
			name = Debug;
		};
		AA50B15729F56CEB0015774D /* Release */ = {
			isa = XCBuildConfiguration;
			baseConfigurationReference = 2C6A6D4E5D64050B2E458103 /* Pods-osx.release.xcconfig */;
			buildSettings = {
				ASSETCATALOG_COMPILER_APPICON_NAME = AppIcon;
				ASSETCATALOG_COMPILER_GLOBAL_ACCENT_COLOR_NAME = AccentColor;
				CODE_SIGN_ENTITLEMENTS = osx/osx.entitlements;
				CODE_SIGN_STYLE = Automatic;
				COMBINE_HIDPI_IMAGES = YES;
				CURRENT_PROJECT_VERSION = 1;
				DEVELOPMENT_ASSET_PATHS = "\"osx/Preview Content\"";
				DEVELOPMENT_TEAM = M299C649NZ;
				ENABLE_HARDENED_RUNTIME = YES;
				ENABLE_PREVIEWS = YES;
				GENERATE_INFOPLIST_FILE = YES;
				INFOPLIST_KEY_NSHumanReadableCopyright = "";
				LD_RUNPATH_SEARCH_PATHS = (
					"$(inherited)",
					"@executable_path/../Frameworks",
				);
				MARKETING_VERSION = 1.0;
				PRODUCT_BUNDLE_IDENTIFIER = jp.kexi.distangle.osx;
				PRODUCT_NAME = "$(TARGET_NAME)";
				SWIFT_EMIT_LOC_STRINGS = YES;
				SWIFT_VERSION = 5.0;
			};
			name = Release;
		};
		AA50B15929F56CEB0015774D /* Debug */ = {
			isa = XCBuildConfiguration;
			baseConfigurationReference = FA3C0C8180B1A0A96330AC2F /* Pods-osxTests.debug.xcconfig */;
			buildSettings = {
				ALWAYS_EMBED_SWIFT_STANDARD_LIBRARIES = YES;
				BUNDLE_LOADER = "$(TEST_HOST)";
				CODE_SIGN_STYLE = Automatic;
				CURRENT_PROJECT_VERSION = 1;
				DEVELOPMENT_TEAM = M299C649NZ;
				GENERATE_INFOPLIST_FILE = YES;
				MACOSX_DEPLOYMENT_TARGET = 13.3;
				MARKETING_VERSION = 1.0;
				PRODUCT_BUNDLE_IDENTIFIER = jp.kexi.distangle.osxTests;
				PRODUCT_NAME = "$(TARGET_NAME)";
				SWIFT_EMIT_LOC_STRINGS = NO;
				SWIFT_VERSION = 5.0;
				TEST_HOST = "$(BUILT_PRODUCTS_DIR)/osx.app/$(BUNDLE_EXECUTABLE_FOLDER_PATH)/osx";
			};
			name = Debug;
		};
		AA50B15A29F56CEB0015774D /* Release */ = {
			isa = XCBuildConfiguration;
			baseConfigurationReference = 37D6DC971A3465B1529BF513 /* Pods-osxTests.release.xcconfig */;
			buildSettings = {
				ALWAYS_EMBED_SWIFT_STANDARD_LIBRARIES = YES;
				BUNDLE_LOADER = "$(TEST_HOST)";
				CODE_SIGN_STYLE = Automatic;
				CURRENT_PROJECT_VERSION = 1;
				DEVELOPMENT_TEAM = M299C649NZ;
				GENERATE_INFOPLIST_FILE = YES;
				MACOSX_DEPLOYMENT_TARGET = 13.3;
				MARKETING_VERSION = 1.0;
				PRODUCT_BUNDLE_IDENTIFIER = jp.kexi.distangle.osxTests;
				PRODUCT_NAME = "$(TARGET_NAME)";
				SWIFT_EMIT_LOC_STRINGS = NO;
				SWIFT_VERSION = 5.0;
				TEST_HOST = "$(BUILT_PRODUCTS_DIR)/osx.app/$(BUNDLE_EXECUTABLE_FOLDER_PATH)/osx";
			};
			name = Release;
		};
		AA50B15C29F56CEB0015774D /* Debug */ = {
			isa = XCBuildConfiguration;
			baseConfigurationReference = 72E97A6670FBE2D9D7297720 /* Pods-osx-osxUITests.debug.xcconfig */;
			buildSettings = {
				ALWAYS_EMBED_SWIFT_STANDARD_LIBRARIES = YES;
				CODE_SIGN_STYLE = Automatic;
				CURRENT_PROJECT_VERSION = 1;
				DEVELOPMENT_TEAM = M299C649NZ;
				GENERATE_INFOPLIST_FILE = YES;
				MARKETING_VERSION = 1.0;
				PRODUCT_BUNDLE_IDENTIFIER = jp.kexi.distangle.osxUITests;
				PRODUCT_NAME = "$(TARGET_NAME)";
				SWIFT_EMIT_LOC_STRINGS = NO;
				SWIFT_VERSION = 5.0;
				TEST_TARGET_NAME = osx;
			};
			name = Debug;
		};
		AA50B15D29F56CEB0015774D /* Release */ = {
			isa = XCBuildConfiguration;
			baseConfigurationReference = 466896775B0AB41E18C964D7 /* Pods-osx-osxUITests.release.xcconfig */;
			buildSettings = {
				ALWAYS_EMBED_SWIFT_STANDARD_LIBRARIES = YES;
				CODE_SIGN_STYLE = Automatic;
				CURRENT_PROJECT_VERSION = 1;
				DEVELOPMENT_TEAM = M299C649NZ;
				GENERATE_INFOPLIST_FILE = YES;
				MARKETING_VERSION = 1.0;
				PRODUCT_BUNDLE_IDENTIFIER = jp.kexi.distangle.osxUITests;
				PRODUCT_NAME = "$(TARGET_NAME)";
				SWIFT_EMIT_LOC_STRINGS = NO;
				SWIFT_VERSION = 5.0;
				TEST_TARGET_NAME = osx;
			};
			name = Release;
		};
/* End XCBuildConfiguration section */

/* Begin XCConfigurationList section */
		AA50B12B29F56CEA0015774D /* Build configuration list for PBXProject "osx" */ = {
			isa = XCConfigurationList;
			buildConfigurations = (
				AA50B15329F56CEB0015774D /* Debug */,
				AA50B15429F56CEB0015774D /* Release */,
			);
			defaultConfigurationIsVisible = 0;
			defaultConfigurationName = Release;
		};
		AA50B15529F56CEB0015774D /* Build configuration list for PBXNativeTarget "osx" */ = {
			isa = XCConfigurationList;
			buildConfigurations = (
				AA50B15629F56CEB0015774D /* Debug */,
				AA50B15729F56CEB0015774D /* Release */,
			);
			defaultConfigurationIsVisible = 0;
			defaultConfigurationName = Release;
		};
		AA50B15829F56CEB0015774D /* Build configuration list for PBXNativeTarget "osxTests" */ = {
			isa = XCConfigurationList;
			buildConfigurations = (
				AA50B15929F56CEB0015774D /* Debug */,
				AA50B15A29F56CEB0015774D /* Release */,
			);
			defaultConfigurationIsVisible = 0;
			defaultConfigurationName = Release;
		};
		AA50B15B29F56CEB0015774D /* Build configuration list for PBXNativeTarget "osxUITests" */ = {
			isa = XCConfigurationList;
			buildConfigurations = (
				AA50B15C29F56CEB0015774D /* Debug */,
				AA50B15D29F56CEB0015774D /* Release */,
			);
			defaultConfigurationIsVisible = 0;
			defaultConfigurationName = Release;
		};
/* End XCConfigurationList section */
	};
	rootObject = AA50B12829F56CEA0015774D /* Project object */;
}
